
Microsoft Visual Studio Solution File, Format Version 12.00
Project("{FAE04EC0-301F-11D3-BF4B-00C04F79EFBC}") = "DataBaseSecurity", "DataBaseSecurity\DataBaseSecurity.csproj", "{2B3FC3BA-E751-4681-944C-29F321F4145F}"
EndProject
Global
	GlobalSection(SolutionConfigurationPlatforms) = preSolution
		Debug|Any CPU = Debug|Any CPU
		Release|Any CPU = Release|Any CPU
	EndGlobalSection
	GlobalSection(ProjectConfigurationPlatforms) = postSolution
		{2B3FC3BA-E751-4681-944C-29F321F4145F}.Debug|Any CPU.ActiveCfg = Debug|Any CPU
		{2B3FC3BA-E751-4681-944C-29F321F4145F}.Debug|Any CPU.Build.0 = Debug|Any CPU
		{2B3FC3BA-E751-4681-944C-29F321F4145F}.Release|Any CPU.ActiveCfg = Release|Any CPU
		{2B3FC3BA-E751-4681-944C-29F321F4145F}.Release|Any CPU.Build.0 = Release|Any CPU
	EndGlobalSection
EndGlobal
